
Microsoft Visual Studio Solution File, Format Version 12.00
# Visual Studio 15
VisualStudioVersion = 15.0.27428.2015
MinimumVisualStudioVersion = 10.0.40219.1
Project("{FAE04EC0-301F-11D3-BF4B-00C04F79EFBC}") = "JobToSendMail", "JobToSendMail\JobToSendMail.csproj", "{CEAEFFAB-F069-48B2-A9DE-8ADDDD0B747B}"
EndProject
Global
	GlobalSection(SolutionConfigurationPlatforms) = preSolution
		Debug|Any CPU = Debug|Any CPU
		Release|Any CPU = Release|Any CPU
	EndGlobalSection
	GlobalSection(ProjectConfigurationPlatforms) = postSolution
		{CEAEFFAB-F069-48B2-A9DE-8ADDDD0B747B}.Debug|Any CPU.ActiveCfg = Debug|Any CPU
		{CEAEFFAB-F069-48B2-A9DE-8ADDDD0B747B}.Debug|Any CPU.Build.0 = Debug|Any CPU
		{CEAEFFAB-F069-48B2-A9DE-8ADDDD0B747B}.Release|Any CPU.ActiveCfg = Release|Any CPU
		{CEAEFFAB-F069-48B2-A9DE-8ADDDD0B747B}.Release|Any CPU.Build.0 = Release|Any CPU
	EndGlobalSection
	GlobalSection(SolutionProperties) = preSolution
		HideSolutionNode = FALSE
	EndGlobalSection
	GlobalSection(ExtensibilityGlobals) = postSolution
		SolutionGuid = {23DC7EE5-5AAA-4B9B-A4A8-F7680430B915}
	EndGlobalSection
EndGlobal
